
Microsoft Visual Studio Solution File, Format Version 12.00
# Visual Studio Version 16
VisualStudioVersion = 16.0.30621.155
MinimumVisualStudioVersion = 10.0.40219.1
Project("{FAE04EC0-301F-11D3-BF4B-00C04F79EFBC}") = "CRUD 2", "CRUD 2\CRUD 2.csproj", "{AC507953-2B0E-4776-9BEB-24CCC7F6479F}"
EndProject
Global
	GlobalSection(SolutionConfigurationPlatforms) = preSolution
		Debug|Any CPU = Debug|Any CPU
		Release|Any CPU = Release|Any CPU
	EndGlobalSection
	GlobalSection(ProjectConfigurationPlatforms) = postSolution
		{AC507953-2B0E-4776-9BEB-24CCC7F6479F}.Debug|Any CPU.ActiveCfg = Debug|Any CPU
		{AC507953-2B0E-4776-9BEB-24CCC7F6479F}.Debug|Any CPU.Build.0 = Debug|Any CPU
		{AC507953-2B0E-4776-9BEB-24CCC7F6479F}.Release|Any CPU.ActiveCfg = Release|Any CPU
		{AC507953-2B0E-4776-9BEB-24CCC7F6479F}.Release|Any CPU.Build.0 = Release|Any CPU
	EndGlobalSection
	GlobalSection(SolutionProperties) = preSolution
		HideSolutionNode = FALSE
	EndGlobalSection
	GlobalSection(ExtensibilityGlobals) = postSolution
		SolutionGuid = {E98F18A5-F730-4536-947B-1EB7E325165C}
	EndGlobalSection
EndGlobal
