
Microsoft Visual Studio Solution File, Format Version 12.00
# Visual Studio Version 16
VisualStudioVersion = 16.0.31410.357
MinimumVisualStudioVersion = 10.0.40219.1
Project("{FAE04EC0-301F-11D3-BF4B-00C04F79EFBC}") = "SeleniumTest", "SeleniumTest\SeleniumTest.csproj", "{7D05E33C-2A4C-4ABC-B658-9136E1F42B9A}"
EndProject
Global
	GlobalSection(SolutionConfigurationPlatforms) = preSolution
		Debug|Any CPU = Debug|Any CPU
		Release|Any CPU = Release|Any CPU
	EndGlobalSection
	GlobalSection(ProjectConfigurationPlatforms) = postSolution
		{7D05E33C-2A4C-4ABC-B658-9136E1F42B9A}.Debug|Any CPU.ActiveCfg = Debug|Any CPU
		{7D05E33C-2A4C-4ABC-B658-9136E1F42B9A}.Debug|Any CPU.Build.0 = Debug|Any CPU
		{7D05E33C-2A4C-4ABC-B658-9136E1F42B9A}.Release|Any CPU.ActiveCfg = Release|Any CPU
		{7D05E33C-2A4C-4ABC-B658-9136E1F42B9A}.Release|Any CPU.Build.0 = Release|Any CPU
	EndGlobalSection
	GlobalSection(SolutionProperties) = preSolution
		HideSolutionNode = FALSE
	EndGlobalSection
	GlobalSection(ExtensibilityGlobals) = postSolution
		SolutionGuid = {F31FBC72-E72D-4743-A552-98C42E2E0585}
	EndGlobalSection
EndGlobal
