
Microsoft Visual Studio Solution File, Format Version 12.00
# Visual Studio Version 16
VisualStudioVersion = 16.0.30621.155
MinimumVisualStudioVersion = 10.0.40219.1
Project("{FAE04EC0-301F-11D3-BF4B-00C04F79EFBC}") = "CRUD SOLO POO", "CRUD SOLO POO\CRUD SOLO POO.csproj", "{722C4FAF-F2C3-44FB-9FF4-82CE08C4342B}"
EndProject
Global
	GlobalSection(SolutionConfigurationPlatforms) = preSolution
		Debug|Any CPU = Debug|Any CPU
		Release|Any CPU = Release|Any CPU
	EndGlobalSection
	GlobalSection(ProjectConfigurationPlatforms) = postSolution
		{722C4FAF-F2C3-44FB-9FF4-82CE08C4342B}.Debug|Any CPU.ActiveCfg = Debug|Any CPU
		{722C4FAF-F2C3-44FB-9FF4-82CE08C4342B}.Debug|Any CPU.Build.0 = Debug|Any CPU
		{722C4FAF-F2C3-44FB-9FF4-82CE08C4342B}.Release|Any CPU.ActiveCfg = Release|Any CPU
		{722C4FAF-F2C3-44FB-9FF4-82CE08C4342B}.Release|Any CPU.Build.0 = Release|Any CPU
	EndGlobalSection
	GlobalSection(SolutionProperties) = preSolution
		HideSolutionNode = FALSE
	EndGlobalSection
	GlobalSection(ExtensibilityGlobals) = postSolution
		SolutionGuid = {473CCF80-DF43-467B-8FEE-9CA07E5A5463}
	EndGlobalSection
EndGlobal
